
Microsoft Visual Studio Solution File, Format Version 12.00
# Visual Studio Version 16
VisualStudioVersion = 16.0.30711.63
MinimumVisualStudioVersion = 10.0.40219.1
Project("{9A19103F-16F7-4668-BE54-9A1E7A4F7556}") = "ILikeDieHard", "ILikeDieHard\ILikeDieHard.csproj", "{508950B2-5AE1-4B6E-AE64-4CA62F205051}"
EndProject
Global
	GlobalSection(SolutionConfigurationPlatforms) = preSolution
		Debug|Any CPU = Debug|Any CPU
		Release|Any CPU = Release|Any CPU
	EndGlobalSection
	GlobalSection(ProjectConfigurationPlatforms) = postSolution
		{508950B2-5AE1-4B6E-AE64-4CA62F205051}.Debug|Any CPU.ActiveCfg = Debug|Any CPU
		{508950B2-5AE1-4B6E-AE64-4CA62F205051}.Debug|Any CPU.Build.0 = Debug|Any CPU
		{508950B2-5AE1-4B6E-AE64-4CA62F205051}.Release|Any CPU.ActiveCfg = Release|Any CPU
		{508950B2-5AE1-4B6E-AE64-4CA62F205051}.Release|Any CPU.Build.0 = Release|Any CPU
	EndGlobalSection
	GlobalSection(SolutionProperties) = preSolution
		HideSolutionNode = FALSE
	EndGlobalSection
	GlobalSection(ExtensibilityGlobals) = postSolution
		SolutionGuid = {D9F2B64C-B8AD-46CB-A68E-640E827BBE48}
	EndGlobalSection
EndGlobal
